
Microsoft Visual Studio Solution File, Format Version 12.00
# Visual Studio Version 17
VisualStudioVersion = 17.13.35913.81 d17.13
MinimumVisualStudioVersion = 10.0.40219.1
Project("{FAE04EC0-301F-11D3-BF4B-00C04F79EFBC}") = "MedicineInventoryApp", "MedicineInventoryApp\MedicineInventoryApp.csproj", "{A04B25FC-A129-4947-8CAA-16388EDC20AB}"
EndProject
Global
	GlobalSection(SolutionConfigurationPlatforms) = preSolution
		Debug|Any CPU = Debug|Any CPU
		Release|Any CPU = Release|Any CPU
	EndGlobalSection
	GlobalSection(ProjectConfigurationPlatforms) = postSolution
		{A04B25FC-A129-4947-8CAA-16388EDC20AB}.Debug|Any CPU.ActiveCfg = Debug|Any CPU
		{A04B25FC-A129-4947-8CAA-16388EDC20AB}.Debug|Any CPU.Build.0 = Debug|Any CPU
		{A04B25FC-A129-4947-8CAA-16388EDC20AB}.Release|Any CPU.ActiveCfg = Release|Any CPU
		{A04B25FC-A129-4947-8CAA-16388EDC20AB}.Release|Any CPU.Build.0 = Release|Any CPU
	EndGlobalSection
	GlobalSection(SolutionProperties) = preSolution
		HideSolutionNode = FALSE
	EndGlobalSection
	GlobalSection(ExtensibilityGlobals) = postSolution
		SolutionGuid = {6B97E52E-83C5-4F46-B8DD-F63A32062A96}
	EndGlobalSection
EndGlobal
